// !$*UTF8*$!
{
	archiveVersion = 1;
	classes = {
	};
	objectVersion = 56;
	objects = {

/* Begin PBXBuildFile section */
		9F06D3F12CC146EC00CFC63A /* BingoSheetItem.swift in Sources */ = {isa = PBXBuildFile; fileRef = 9F06D3F02CC146EC00CFC63A /* BingoSheetItem.swift */; };
		9F06D3F42CC15A0A00CFC63A /* AnswerModal.swift in Sources */ = {isa = PBXBuildFile; fileRef = 9F06D3F32CC15A0A00CFC63A /* AnswerModal.swift */; };
		9F5B69172CC001EF00D6EEAC /* Bingo_QuizApp.swift in Sources */ = {isa = PBXBuildFile; fileRef = 9F5B69162CC001EF00D6EEAC /* Bingo_QuizApp.swift */; };
		9F5B69192CC001EF00D6EEAC /* ContentView.swift in Sources */ = {isa = PBXBuildFile; fileRef = 9F5B69182CC001EF00D6EEAC /* ContentView.swift */; };
		9F5B691E2CC001F600D6EEAC /* Preview Assets.xcassets in Resources */ = {isa = PBXBuildFile; fileRef = 9F5B691D2CC001F600D6EEAC /* Preview Assets.xcassets */; };
		9F5E00A32CCA812500218926 /* GroupData.json in Resources */ = {isa = PBXBuildFile; fileRef = 9FE9553A2CC9406600DBC14C /* GroupData.json */; };
		9F5E00A52CCA8AE600218926 /* TextFieldWithLabel.swift in Sources */ = {isa = PBXBuildFile; fileRef = 9F5E00A42CCA8AE600218926 /* TextFieldWithLabel.swift */; };
		9F8078B12CCCA2240022BE98 /* ButtonWithOutline.swift in Sources */ = {isa = PBXBuildFile; fileRef = 9F8078B02CCCA2240022BE98 /* ButtonWithOutline.swift */; };
		9F8078B82CCCAD340022BE98 /* SnowParticle.sks in Resources */ = {isa = PBXBuildFile; fileRef = 9F8078B72CCCAD340022BE98 /* SnowParticle.sks */; };
		9F8078B92CCCAD340022BE98 /* Assets.xcassets in Resources */ = {isa = PBXBuildFile; fileRef = 9F8078B62CCCAD340022BE98 /* Assets.xcassets */; };
		9F8078BB2CCCAD4C0022BE98 /* SnowParticle.swift in Sources */ = {isa = PBXBuildFile; fileRef = 9F8078BA2CCCAD420022BE98 /* SnowParticle.swift */; };
		9FB44A332CCCEA5A00916FE0 /* CustomeSlider.swift in Sources */ = {isa = PBXBuildFile; fileRef = 9FB44A322CCCEA5A00916FE0 /* CustomeSlider.swift */; };
		9FB44A352CCD2ABB00916FE0 /* CreateUserId.swift in Sources */ = {isa = PBXBuildFile; fileRef = 9FB44A342CCD2ABB00916FE0 /* CreateUserId.swift */; };
		9FB44A372CCD3C2600916FE0 /* GoogleService-Info.plist in Resources */ = {isa = PBXBuildFile; fileRef = 9FB44A362CCD3C2600916FE0 /* GoogleService-Info.plist */; };
		9FB44A3A2CCD3D8500916FE0 /* FirebaseFirestore in Frameworks */ = {isa = PBXBuildFile; productRef = 9FB44A392CCD3D8500916FE0 /* FirebaseFirestore */; };
		9FB44A3C2CCD3D8500916FE0 /* FirebaseStorage in Frameworks */ = {isa = PBXBuildFile; productRef = 9FB44A3B2CCD3D8500916FE0 /* FirebaseStorage */; };
		9FBCCC512CCB969C0033BF09 /* BingoObject.swift in Sources */ = {isa = PBXBuildFile; fileRef = 9FBCCC502CCB969C0033BF09 /* BingoObject.swift */; };
		9FE9552B2CC920EF00DBC14C /* ColorList.swift in Sources */ = {isa = PBXBuildFile; fileRef = 9FE9552A2CC920EF00DBC14C /* ColorList.swift */; };
		9FE9552D2CC926F000DBC14C /* BingoSheetView.swift in Sources */ = {isa = PBXBuildFile; fileRef = 9FE9552C2CC926F000DBC14C /* BingoSheetView.swift */; };
		9FE9552F2CC92AD700DBC14C /* CreateGroupView.swift in Sources */ = {isa = PBXBuildFile; fileRef = 9FE9552E2CC92AD700DBC14C /* CreateGroupView.swift */; };
		9FE955312CC92B3C00DBC14C /* JoinedGroupsView.swift in Sources */ = {isa = PBXBuildFile; fileRef = 9FE955302CC92B3C00DBC14C /* JoinedGroupsView.swift */; };
		9FE955362CC93DF900DBC14C /* GroupViewModel.swift in Sources */ = {isa = PBXBuildFile; fileRef = 9FE955352CC93DF900DBC14C /* GroupViewModel.swift */; };
		9FE955392CC93E9F00DBC14C /* Group.swift in Sources */ = {isa = PBXBuildFile; fileRef = 9FE955382CC93E9F00DBC14C /* Group.swift */; };
		9FE9553B2CC9409300DBC14C /* GroupData.json in Sources */ = {isa = PBXBuildFile; fileRef = 9FE9553A2CC9406600DBC14C /* GroupData.json */; };
		9FE9553E2CC942B300DBC14C /* DataLoad.swift in Sources */ = {isa = PBXBuildFile; fileRef = 9FE9553D2CC942B300DBC14C /* DataLoad.swift */; };
/* End PBXBuildFile section */

/* Begin PBXFileReference section */
		9F06D3F02CC146EC00CFC63A /* BingoSheetItem.swift */ = {isa = PBXFileReference; lastKnownFileType = sourcecode.swift; path = BingoSheetItem.swift; sourceTree = "<group>"; };
		9F06D3F32CC15A0A00CFC63A /* AnswerModal.swift */ = {isa = PBXFileReference; lastKnownFileType = sourcecode.swift; path = AnswerModal.swift; sourceTree = "<group>"; };
		9F5B69132CC001EF00D6EEAC /* Bingo_Quiz.app */ = {isa = PBXFileReference; explicitFileType = wrapper.application; includeInIndex = 0; path = Bingo_Quiz.app; sourceTree = BUILT_PRODUCTS_DIR; };
		9F5B69162CC001EF00D6EEAC /* Bingo_QuizApp.swift */ = {isa = PBXFileReference; lastKnownFileType = sourcecode.swift; path = Bingo_QuizApp.swift; sourceTree = "<group>"; };
		9F5B69182CC001EF00D6EEAC /* ContentView.swift */ = {isa = PBXFileReference; lastKnownFileType = sourcecode.swift; path = ContentView.swift; sourceTree = "<group>"; };
		9F5B691D2CC001F600D6EEAC /* Preview Assets.xcassets */ = {isa = PBXFileReference; lastKnownFileType = folder.assetcatalog; path = "Preview Assets.xcassets"; sourceTree = "<group>"; };
		9F5E00A42CCA8AE600218926 /* TextFieldWithLabel.swift */ = {isa = PBXFileReference; lastKnownFileType = sourcecode.swift; path = TextFieldWithLabel.swift; sourceTree = "<group>"; };
		9F8078B02CCCA2240022BE98 /* ButtonWithOutline.swift */ = {isa = PBXFileReference; lastKnownFileType = sourcecode.swift; path = ButtonWithOutline.swift; sourceTree = "<group>"; };
		9F8078B62CCCAD340022BE98 /* Assets.xcassets */ = {isa = PBXFileReference; lastKnownFileType = folder.assetcatalog; path = Assets.xcassets; sourceTree = "<group>"; };
		9F8078B72CCCAD340022BE98 /* SnowParticle.sks */ = {isa = PBXFileReference; lastKnownFileType = file.sks; path = SnowParticle.sks; sourceTree = "<group>"; };
		9F8078BA2CCCAD420022BE98 /* SnowParticle.swift */ = {isa = PBXFileReference; lastKnownFileType = sourcecode.swift; path = SnowParticle.swift; sourceTree = "<group>"; };
		9FB44A322CCCEA5A00916FE0 /* CustomeSlider.swift */ = {isa = PBXFileReference; lastKnownFileType = sourcecode.swift; path = CustomeSlider.swift; sourceTree = "<group>"; };
		9FB44A342CCD2ABB00916FE0 /* CreateUserId.swift */ = {isa = PBXFileReference; lastKnownFileType = sourcecode.swift; path = CreateUserId.swift; sourceTree = "<group>"; };
		9FB44A362CCD3C2600916FE0 /* GoogleService-Info.plist */ = {isa = PBXFileReference; lastKnownFileType = text.plist.xml; path = "GoogleService-Info.plist"; sourceTree = "<group>"; };
		9FBCCC502CCB969C0033BF09 /* BingoObject.swift */ = {isa = PBXFileReference; lastKnownFileType = sourcecode.swift; path = BingoObject.swift; sourceTree = "<group>"; };
		9FE9552A2CC920EF00DBC14C /* ColorList.swift */ = {isa = PBXFileReference; lastKnownFileType = sourcecode.swift; path = ColorList.swift; sourceTree = "<group>"; };
		9FE9552C2CC926F000DBC14C /* BingoSheetView.swift */ = {isa = PBXFileReference; lastKnownFileType = sourcecode.swift; path = BingoSheetView.swift; sourceTree = "<group>"; };
		9FE9552E2CC92AD700DBC14C /* CreateGroupView.swift */ = {isa = PBXFileReference; lastKnownFileType = sourcecode.swift; path = CreateGroupView.swift; sourceTree = "<group>"; };
		9FE955302CC92B3C00DBC14C /* JoinedGroupsView.swift */ = {isa = PBXFileReference; lastKnownFileType = sourcecode.swift; path = JoinedGroupsView.swift; sourceTree = "<group>"; };
		9FE955352CC93DF900DBC14C /* GroupViewModel.swift */ = {isa = PBXFileReference; lastKnownFileType = sourcecode.swift; path = GroupViewModel.swift; sourceTree = "<group>"; };
		9FE955382CC93E9F00DBC14C /* Group.swift */ = {isa = PBXFileReference; lastKnownFileType = sourcecode.swift; path = Group.swift; sourceTree = "<group>"; };
		9FE9553A2CC9406600DBC14C /* GroupData.json */ = {isa = PBXFileReference; explicitFileType = text.json; path = GroupData.json; sourceTree = "<group>"; };
		9FE9553D2CC942B300DBC14C /* DataLoad.swift */ = {isa = PBXFileReference; lastKnownFileType = sourcecode.swift; path = DataLoad.swift; sourceTree = "<group>"; };
/* End PBXFileReference section */

/* Begin PBXFrameworksBuildPhase section */
		9F5B69102CC001EF00D6EEAC /* Frameworks */ = {
			isa = PBXFrameworksBuildPhase;
			buildActionMask = 2147483647;
			files = (
				9FB44A3A2CCD3D8500916FE0 /* FirebaseFirestore in Frameworks */,
				9FB44A3C2CCD3D8500916FE0 /* FirebaseStorage in Frameworks */,
			);
			runOnlyForDeploymentPostprocessing = 0;
		};
/* End PBXFrameworksBuildPhase section */

/* Begin PBXGroup section */
		9F06D3ED2CC1469E00CFC63A /* Models */ = {
			isa = PBXGroup;
			children = (
				9F06D3F02CC146EC00CFC63A /* BingoSheetItem.swift */,
				9FE955382CC93E9F00DBC14C /* Group.swift */,
			);
			path = Models;
			sourceTree = "<group>";
		};
		9F06D3F22CC158C200CFC63A /* Views */ = {
			isa = PBXGroup;
			children = (
				9F06D3F32CC15A0A00CFC63A /* AnswerModal.swift */,
				9FE9552C2CC926F000DBC14C /* BingoSheetView.swift */,
				9FE9552E2CC92AD700DBC14C /* CreateGroupView.swift */,
				9FE955302CC92B3C00DBC14C /* JoinedGroupsView.swift */,
			);
			path = Views;
			sourceTree = "<group>";
		};
		9F5B690A2CC001EF00D6EEAC = {
			isa = PBXGroup;
			children = (
				9F5B69152CC001EF00D6EEAC /* Bingo_Quiz */,
				9F5B69142CC001EF00D6EEAC /* Products */,
			);
			sourceTree = "<group>";
		};
		9F5B69142CC001EF00D6EEAC /* Products */ = {
			isa = PBXGroup;
			children = (
				9F5B69132CC001EF00D6EEAC /* Bingo_Quiz.app */,
			);
			name = Products;
			sourceTree = "<group>";
		};
		9F5B69152CC001EF00D6EEAC /* Bingo_Quiz */ = {
			isa = PBXGroup;
			children = (
				9F8078AF2CCCA17E0022BE98 /* Components */,
				9F06D3F22CC158C200CFC63A /* Views */,
				9FE955342CC93DDC00DBC14C /* ViewModels */,
				9F06D3ED2CC1469E00CFC63A /* Models */,
				9FE955272CC920B500DBC14C /* Utils */,
				9FE9553F2CC942E500DBC14C /* Resources */,
				9F5B69182CC001EF00D6EEAC /* ContentView.swift */,
				9F5B69162CC001EF00D6EEAC /* Bingo_QuizApp.swift */,
				9F5B691C2CC001F600D6EEAC /* Preview Content */,
				9F8078B62CCCAD340022BE98 /* Assets.xcassets */,
				9F8078B72CCCAD340022BE98 /* SnowParticle.sks */,
				9FB44A362CCD3C2600916FE0 /* GoogleService-Info.plist */,
			);
			path = Bingo_Quiz;
			sourceTree = "<group>";
		};
		9F5B691C2CC001F600D6EEAC /* Preview Content */ = {
			isa = PBXGroup;
			children = (
				9F5B691D2CC001F600D6EEAC /* Preview Assets.xcassets */,
			);
			path = "Preview Content";
			sourceTree = "<group>";
		};
		9F8078AF2CCCA17E0022BE98 /* Components */ = {
			isa = PBXGroup;
			children = (
				9F8078BA2CCCAD420022BE98 /* SnowParticle.swift */,
				9F5E00A42CCA8AE600218926 /* TextFieldWithLabel.swift */,
				9F8078B02CCCA2240022BE98 /* ButtonWithOutline.swift */,
				9FBCCC502CCB969C0033BF09 /* BingoObject.swift */,
				9FB44A322CCCEA5A00916FE0 /* CustomeSlider.swift */,
			);
			path = Components;
			sourceTree = "<group>";
		};
		9FE955272CC920B500DBC14C /* Utils */ = {
			isa = PBXGroup;
			children = (
				9FE9552A2CC920EF00DBC14C /* ColorList.swift */,
				9FE9553D2CC942B300DBC14C /* DataLoad.swift */,
				9FB44A342CCD2ABB00916FE0 /* CreateUserId.swift */,
			);
			path = Utils;
			sourceTree = "<group>";
		};
		9FE955342CC93DDC00DBC14C /* ViewModels */ = {
			isa = PBXGroup;
			children = (
				9FE955352CC93DF900DBC14C /* GroupViewModel.swift */,
			);
			path = ViewModels;
			sourceTree = "<group>";
		};
		9FE9553F2CC942E500DBC14C /* Resources */ = {
			isa = PBXGroup;
			children = (
				9FE9553A2CC9406600DBC14C /* GroupData.json */,
			);
			path = Resources;
			sourceTree = "<group>";
		};
/* End PBXGroup section */

/* Begin PBXNativeTarget section */
		9F5B69122CC001EF00D6EEAC /* Bingo_Quiz */ = {
			isa = PBXNativeTarget;
			buildConfigurationList = 9F5B69212CC001F600D6EEAC /* Build configuration list for PBXNativeTarget "Bingo_Quiz" */;
			buildPhases = (
				9F5B690F2CC001EF00D6EEAC /* Sources */,
				9F5B69102CC001EF00D6EEAC /* Frameworks */,
				9F5B69112CC001EF00D6EEAC /* Resources */,
			);
			buildRules = (
			);
			dependencies = (
			);
			name = Bingo_Quiz;
			productName = Bingo_Quiz;
			productReference = 9F5B69132CC001EF00D6EEAC /* Bingo_Quiz.app */;
			productType = "com.apple.product-type.application";
		};
/* End PBXNativeTarget section */

/* Begin PBXProject section */
		9F5B690B2CC001EF00D6EEAC /* Project object */ = {
			isa = PBXProject;
			attributes = {
				BuildIndependentTargetsInParallel = 1;
				LastSwiftUpdateCheck = 1540;
				LastUpgradeCheck = 1540;
				TargetAttributes = {
					9F5B69122CC001EF00D6EEAC = {
						CreatedOnToolsVersion = 15.4;
					};
				};
			};
			buildConfigurationList = 9F5B690E2CC001EF00D6EEAC /* Build configuration list for PBXProject "Bingo_Quiz" */;
			compatibilityVersion = "Xcode 14.0";
			developmentRegion = en;
			hasScannedForEncodings = 0;
			knownRegions = (
				en,
				Base,
			);
			mainGroup = 9F5B690A2CC001EF00D6EEAC;
			packageReferences = (
				9FB44A382CCD3D8500916FE0 /* XCRemoteSwiftPackageReference "firebase-ios-sdk" */,
			);
			productRefGroup = 9F5B69142CC001EF00D6EEAC /* Products */;
			projectDirPath = "";
			projectRoot = "";
			targets = (
				9F5B69122CC001EF00D6EEAC /* Bingo_Quiz */,
			);
		};
/* End PBXProject section */

/* Begin PBXResourcesBuildPhase section */
		9F5B69112CC001EF00D6EEAC /* Resources */ = {
			isa = PBXResourcesBuildPhase;
			buildActionMask = 2147483647;
			files = (
				9F8078B82CCCAD340022BE98 /* SnowParticle.sks in Resources */,
				9F8078B92CCCAD340022BE98 /* Assets.xcassets in Resources */,
				9FB44A372CCD3C2600916FE0 /* GoogleService-Info.plist in Resources */,
				9F5E00A32CCA812500218926 /* GroupData.json in Resources */,
				9F5B691E2CC001F600D6EEAC /* Preview Assets.xcassets in Resources */,
			);
			runOnlyForDeploymentPostprocessing = 0;
		};
/* End PBXResourcesBuildPhase section */

/* Begin PBXSourcesBuildPhase section */
		9F5B690F2CC001EF00D6EEAC /* Sources */ = {
			isa = PBXSourcesBuildPhase;
			buildActionMask = 2147483647;
			files = (
				9F5E00A52CCA8AE600218926 /* TextFieldWithLabel.swift in Sources */,
				9FE955392CC93E9F00DBC14C /* Group.swift in Sources */,
				9F8078B12CCCA2240022BE98 /* ButtonWithOutline.swift in Sources */,
				9FE9552D2CC926F000DBC14C /* BingoSheetView.swift in Sources */,
				9F06D3F12CC146EC00CFC63A /* BingoSheetItem.swift in Sources */,
				9FE9553E2CC942B300DBC14C /* DataLoad.swift in Sources */,
				9F06D3F42CC15A0A00CFC63A /* AnswerModal.swift in Sources */,
				9F5B69192CC001EF00D6EEAC /* ContentView.swift in Sources */,
				9F8078BB2CCCAD4C0022BE98 /* SnowParticle.swift in Sources */,
				9FE9552F2CC92AD700DBC14C /* CreateGroupView.swift in Sources */,
				9FB44A352CCD2ABB00916FE0 /* CreateUserId.swift in Sources */,
				9FE955312CC92B3C00DBC14C /* JoinedGroupsView.swift in Sources */,
				9FBCCC512CCB969C0033BF09 /* BingoObject.swift in Sources */,
				9FE9553B2CC9409300DBC14C /* GroupData.json in Sources */,
				9FE9552B2CC920EF00DBC14C /* ColorList.swift in Sources */,
				9FB44A332CCCEA5A00916FE0 /* CustomeSlider.swift in Sources */,
				9F5B69172CC001EF00D6EEAC /* Bingo_QuizApp.swift in Sources */,
				9FE955362CC93DF900DBC14C /* GroupViewModel.swift in Sources */,
			);
			runOnlyForDeploymentPostprocessing = 0;
		};
/* End PBXSourcesBuildPhase section */

/* Begin XCBuildConfiguration section */
		9F5B691F2CC001F600D6EEAC /* Debug */ = {
			isa = XCBuildConfiguration;
			buildSettings = {
				ALWAYS_SEARCH_USER_PATHS = NO;
				ASSETCATALOG_COMPILER_GENERATE_SWIFT_ASSET_SYMBOL_EXTENSIONS = YES;
				CLANG_ANALYZER_NONNULL = YES;
				CLANG_ANALYZER_NUMBER_OBJECT_CONVERSION = YES_AGGRESSIVE;
				CLANG_CXX_LANGUAGE_STANDARD = "gnu++20";
				CLANG_ENABLE_MODULES = YES;
				CLANG_ENABLE_OBJC_ARC = YES;
				CLANG_ENABLE_OBJC_WEAK = YES;
				CLANG_WARN_BLOCK_CAPTURE_AUTORELEASING = YES;
				CLANG_WARN_BOOL_CONVERSION = YES;
				CLANG_WARN_COMMA = YES;
				CLANG_WARN_CONSTANT_CONVERSION = YES;
				CLANG_WARN_DEPRECATED_OBJC_IMPLEMENTATIONS = YES;
				CLANG_WARN_DIRECT_OBJC_ISA_USAGE = YES_ERROR;
				CLANG_WARN_DOCUMENTATION_COMMENTS = YES;
				CLANG_WARN_EMPTY_BODY = YES;
				CLANG_WARN_ENUM_CONVERSION = YES;
				CLANG_WARN_INFINITE_RECURSION = YES;
				CLANG_WARN_INT_CONVERSION = YES;
				CLANG_WARN_NON_LITERAL_NULL_CONVERSION = YES;
				CLANG_WARN_OBJC_IMPLICIT_RETAIN_SELF = YES;
				CLANG_WARN_OBJC_LITERAL_CONVERSION = YES;
				CLANG_WARN_OBJC_ROOT_CLASS = YES_ERROR;
				CLANG_WARN_QUOTED_INCLUDE_IN_FRAMEWORK_HEADER = YES;
				CLANG_WARN_RANGE_LOOP_ANALYSIS = YES;
				CLANG_WARN_STRICT_PROTOTYPES = YES;
				CLANG_WARN_SUSPICIOUS_MOVE = YES;
				CLANG_WARN_UNGUARDED_AVAILABILITY = YES_AGGRESSIVE;
				CLANG_WARN_UNREACHABLE_CODE = YES;
				CLANG_WARN__DUPLICATE_METHOD_MATCH = YES;
				COPY_PHASE_STRIP = NO;
				DEBUG_INFORMATION_FORMAT = dwarf;
				ENABLE_STRICT_OBJC_MSGSEND = YES;
				ENABLE_TESTABILITY = YES;
				ENABLE_USER_SCRIPT_SANDBOXING = YES;
				GCC_C_LANGUAGE_STANDARD = gnu17;
				GCC_DYNAMIC_NO_PIC = NO;
				GCC_NO_COMMON_BLOCKS = YES;
				GCC_OPTIMIZATION_LEVEL = 0;
				GCC_PREPROCESSOR_DEFINITIONS = (
					"DEBUG=1",
					"$(inherited)",
				);
				GCC_WARN_64_TO_32_BIT_CONVERSION = YES;
				GCC_WARN_ABOUT_RETURN_TYPE = YES_ERROR;
				GCC_WARN_UNDECLARED_SELECTOR = YES;
				GCC_WARN_UNINITIALIZED_AUTOS = YES_AGGRESSIVE;
				GCC_WARN_UNUSED_FUNCTION = YES;
				GCC_WARN_UNUSED_VARIABLE = YES;
				IPHONEOS_DEPLOYMENT_TARGET = 17.5;
				LOCALIZATION_PREFERS_STRING_CATALOGS = YES;
				MTL_ENABLE_DEBUG_INFO = INCLUDE_SOURCE;
				MTL_FAST_MATH = YES;
				ONLY_ACTIVE_ARCH = YES;
				SDKROOT = iphoneos;
				SWIFT_ACTIVE_COMPILATION_CONDITIONS = "DEBUG $(inherited)";
				SWIFT_OPTIMIZATION_LEVEL = "-Onone";
			};
			name = Debug;
		};
		9F5B69202CC001F600D6EEAC /* Release */ = {
			isa = XCBuildConfiguration;
			buildSettings = {
				ALWAYS_SEARCH_USER_PATHS = NO;
				ASSETCATALOG_COMPILER_GENERATE_SWIFT_ASSET_SYMBOL_EXTENSIONS = YES;
				CLANG_ANALYZER_NONNULL = YES;
				CLANG_ANALYZER_NUMBER_OBJECT_CONVERSION = YES_AGGRESSIVE;
				CLANG_CXX_LANGUAGE_STANDARD = "gnu++20";
				CLANG_ENABLE_MODULES = YES;
				CLANG_ENABLE_OBJC_ARC = YES;
				CLANG_ENABLE_OBJC_WEAK = YES;
				CLANG_WARN_BLOCK_CAPTURE_AUTORELEASING = YES;
				CLANG_WARN_BOOL_CONVERSION = YES;
				CLANG_WARN_COMMA = YES;
				CLANG_WARN_CONSTANT_CONVERSION = YES;
				CLANG_WARN_DEPRECATED_OBJC_IMPLEMENTATIONS = YES;
				CLANG_WARN_DIRECT_OBJC_ISA_USAGE = YES_ERROR;
				CLANG_WARN_DOCUMENTATION_COMMENTS = YES;
				CLANG_WARN_EMPTY_BODY = YES;
				CLANG_WARN_ENUM_CONVERSION = YES;
				CLANG_WARN_INFINITE_RECURSION = YES;
				CLANG_WARN_INT_CONVERSION = YES;
				CLANG_WARN_NON_LITERAL_NULL_CONVERSION = YES;
				CLANG_WARN_OBJC_IMPLICIT_RETAIN_SELF = YES;
				CLANG_WARN_OBJC_LITERAL_CONVERSION = YES;
				CLANG_WARN_OBJC_ROOT_CLASS = YES_ERROR;
				CLANG_WARN_QUOTED_INCLUDE_IN_FRAMEWORK_HEADER = YES;
				CLANG_WARN_RANGE_LOOP_ANALYSIS = YES;
				CLANG_WARN_STRICT_PROTOTYPES = YES;
				CLANG_WARN_SUSPICIOUS_MOVE = YES;
				CLANG_WARN_UNGUARDED_AVAILABILITY = YES_AGGRESSIVE;
				CLANG_WARN_UNREACHABLE_CODE = YES;
				CLANG_WARN__DUPLICATE_METHOD_MATCH = YES;
				COPY_PHASE_STRIP = NO;
				DEBUG_INFORMATION_FORMAT = "dwarf-with-dsym";
				ENABLE_NS_ASSERTIONS = NO;
				ENABLE_STRICT_OBJC_MSGSEND = YES;
				ENABLE_USER_SCRIPT_SANDBOXING = YES;
				GCC_C_LANGUAGE_STANDARD = gnu17;
				GCC_NO_COMMON_BLOCKS = YES;
				GCC_WARN_64_TO_32_BIT_CONVERSION = YES;
				GCC_WARN_ABOUT_RETURN_TYPE = YES_ERROR;
				GCC_WARN_UNDECLARED_SELECTOR = YES;
				GCC_WARN_UNINITIALIZED_AUTOS = YES_AGGRESSIVE;
				GCC_WARN_UNUSED_FUNCTION = YES;
				GCC_WARN_UNUSED_VARIABLE = YES;
				IPHONEOS_DEPLOYMENT_TARGET = 17.5;
				LOCALIZATION_PREFERS_STRING_CATALOGS = YES;
				MTL_ENABLE_DEBUG_INFO = NO;
				MTL_FAST_MATH = YES;
				SDKROOT = iphoneos;
				SWIFT_COMPILATION_MODE = wholemodule;
				VALIDATE_PRODUCT = YES;
			};
			name = Release;
		};
		9F5B69222CC001F600D6EEAC /* Debug */ = {
			isa = XCBuildConfiguration;
			buildSettings = {
				ASSETCATALOG_COMPILER_APPICON_NAME = AppIcon;
				ASSETCATALOG_COMPILER_GLOBAL_ACCENT_COLOR_NAME = AccentColor;
				CODE_SIGN_STYLE = Automatic;
				CURRENT_PROJECT_VERSION = 1;
				DEVELOPMENT_ASSET_PATHS = "\"Bingo_Quiz/Preview Content\"";
				ENABLE_PREVIEWS = YES;
				GENERATE_INFOPLIST_FILE = YES;
				INFOPLIST_KEY_UIApplicationSceneManifest_Generation = YES;
				INFOPLIST_KEY_UIApplicationSupportsIndirectInputEvents = YES;
				INFOPLIST_KEY_UILaunchScreen_Generation = YES;
				INFOPLIST_KEY_UISupportedInterfaceOrientations_iPad = "UIInterfaceOrientationPortrait UIInterfaceOrientationPortraitUpsideDown UIInterfaceOrientationLandscapeLeft UIInterfaceOrientationLandscapeRight";
				INFOPLIST_KEY_UISupportedInterfaceOrientations_iPhone = "UIInterfaceOrientationPortrait UIInterfaceOrientationLandscapeLeft UIInterfaceOrientationLandscapeRight";
				LD_RUNPATH_SEARCH_PATHS = (
					"$(inherited)",
					"@executable_path/Frameworks",
				);
				MARKETING_VERSION = 1.0;
				PRODUCT_BUNDLE_IDENTIFIER = "negi.Bingo-Quiz";
				PRODUCT_NAME = "$(TARGET_NAME)";
				SWIFT_EMIT_LOC_STRINGS = YES;
				SWIFT_VERSION = 5.0;
				TARGETED_DEVICE_FAMILY = "1,2";
			};
			name = Debug;
		};
		9F5B69232CC001F600D6EEAC /* Release */ = {
			isa = XCBuildConfiguration;
			buildSettings = {
				ASSETCATALOG_COMPILER_APPICON_NAME = AppIcon;
				ASSETCATALOG_COMPILER_GLOBAL_ACCENT_COLOR_NAME = AccentColor;
				CODE_SIGN_STYLE = Automatic;
				CURRENT_PROJECT_VERSION = 1;
				DEVELOPMENT_ASSET_PATHS = "\"Bingo_Quiz/Preview Content\"";
				ENABLE_PREVIEWS = YES;
				GENERATE_INFOPLIST_FILE = YES;
				INFOPLIST_KEY_UIApplicationSceneManifest_Generation = YES;
				INFOPLIST_KEY_UIApplicationSupportsIndirectInputEvents = YES;
				INFOPLIST_KEY_UILaunchScreen_Generation = YES;
				INFOPLIST_KEY_UISupportedInterfaceOrientations_iPad = "UIInterfaceOrientationPortrait UIInterfaceOrientationPortraitUpsideDown UIInterfaceOrientationLandscapeLeft UIInterfaceOrientationLandscapeRight";
				INFOPLIST_KEY_UISupportedInterfaceOrientations_iPhone = "UIInterfaceOrientationPortrait UIInterfaceOrientationLandscapeLeft UIInterfaceOrientationLandscapeRight";
				LD_RUNPATH_SEARCH_PATHS = (
					"$(inherited)",
					"@executable_path/Frameworks",
				);
				MARKETING_VERSION = 1.0;
				PRODUCT_BUNDLE_IDENTIFIER = "negi.Bingo-Quiz";
				PRODUCT_NAME = "$(TARGET_NAME)";
				SWIFT_EMIT_LOC_STRINGS = YES;
				SWIFT_VERSION = 5.0;
				TARGETED_DEVICE_FAMILY = "1,2";
			};
			name = Release;
		};
/* End XCBuildConfiguration section */

/* Begin XCConfigurationList section */
		9F5B690E2CC001EF00D6EEAC /* Build configuration list for PBXProject "Bingo_Quiz" */ = {
			isa = XCConfigurationList;
			buildConfigurations = (
				9F5B691F2CC001F600D6EEAC /* Debug */,
				9F5B69202CC001F600D6EEAC /* Release */,
			);
			defaultConfigurationIsVisible = 0;
			defaultConfigurationName = Release;
		};
		9F5B69212CC001F600D6EEAC /* Build configuration list for PBXNativeTarget "Bingo_Quiz" */ = {
			isa = XCConfigurationList;
			buildConfigurations = (
				9F5B69222CC001F600D6EEAC /* Debug */,
				9F5B69232CC001F600D6EEAC /* Release */,
			);
			defaultConfigurationIsVisible = 0;
			defaultConfigurationName = Release;
		};
/* End XCConfigurationList section */

/* Begin XCRemoteSwiftPackageReference section */
		9FB44A382CCD3D8500916FE0 /* XCRemoteSwiftPackageReference "firebase-ios-sdk" */ = {
			isa = XCRemoteSwiftPackageReference;
			repositoryURL = "https://github.com/firebase/firebase-ios-sdk";
			requirement = {
				kind = upToNextMajorVersion;
				minimumVersion = 11.4.0;
			};
		};
/* End XCRemoteSwiftPackageReference section */

/* Begin XCSwiftPackageProductDependency section */
		9FB44A392CCD3D8500916FE0 /* FirebaseFirestore */ = {
			isa = XCSwiftPackageProductDependency;
			package = 9FB44A382CCD3D8500916FE0 /* XCRemoteSwiftPackageReference "firebase-ios-sdk" */;
			productName = FirebaseFirestore;
		};
		9FB44A3B2CCD3D8500916FE0 /* FirebaseStorage */ = {
			isa = XCSwiftPackageProductDependency;
			package = 9FB44A382CCD3D8500916FE0 /* XCRemoteSwiftPackageReference "firebase-ios-sdk" */;
			productName = FirebaseStorage;
		};
/* End XCSwiftPackageProductDependency section */
	};
	rootObject = 9F5B690B2CC001EF00D6EEAC /* Project object */;
}
